// !$*UTF8*$!
{
	archiveVersion = 1;
	classes = {
	};
	objectVersion = 46;
	objects = {

/* Begin PBXBuildFile section */
		520FE8D61D2AC2C200A8AE8E /* User.swift in Sources */ = {isa = PBXBuildFile; fileRef = 520FE8D51D2AC2C200A8AE8E /* User.swift */; };
		520FE8D81D2AC2EB00A8AE8E /* UserPreference.swift in Sources */ = {isa = PBXBuildFile; fileRef = 520FE8D71D2AC2EB00A8AE8E /* UserPreference.swift */; };
		520FE8DA1D2AC3A600A8AE8E /* Venue.swift in Sources */ = {isa = PBXBuildFile; fileRef = 520FE8D91D2AC3A600A8AE8E /* Venue.swift */; };
		520FE8DC1D2ACB4900A8AE8E /* Budget.swift in Sources */ = {isa = PBXBuildFile; fileRef = 520FE8DB1D2ACB4900A8AE8E /* Budget.swift */; };
		520FE8DE1D2ACE0500A8AE8E /* MusicGenre.swift in Sources */ = {isa = PBXBuildFile; fileRef = 520FE8DD1D2ACE0500A8AE8E /* MusicGenre.swift */; };
		520FE8E01D2ACE7300A8AE8E /* Service.swift in Sources */ = {isa = PBXBuildFile; fileRef = 520FE8DF1D2ACE7300A8AE8E /* Service.swift */; };
		520FE8E21D2ACF1400A8AE8E /* Table.swift in Sources */ = {isa = PBXBuildFile; fileRef = 520FE8E11D2ACF1400A8AE8E /* Table.swift */; };
		520FE8E41D2ACF7700A8AE8E /* Admission.swift in Sources */ = {isa = PBXBuildFile; fileRef = 520FE8E31D2ACF7700A8AE8E /* Admission.swift */; };
		520FE8E61D2ADE4D00A8AE8E /* Event.swift in Sources */ = {isa = PBXBuildFile; fileRef = 520FE8E51D2ADE4D00A8AE8E /* Event.swift */; };
		EE461EB01CD93E2100CE58C8 /* AppDelegate.swift in Sources */ = {isa = PBXBuildFile; fileRef = EE461EAF1CD93E2100CE58C8 /* AppDelegate.swift */; };
		EE461EB21CD93E2100CE58C8 /* ViewController.swift in Sources */ = {isa = PBXBuildFile; fileRef = EE461EB11CD93E2100CE58C8 /* ViewController.swift */; };
		EE461EB51CD93E2100CE58C8 /* Main.storyboard in Resources */ = {isa = PBXBuildFile; fileRef = EE461EB31CD93E2100CE58C8 /* Main.storyboard */; };
		EE461EB71CD93E2100CE58C8 /* Assets.xcassets in Resources */ = {isa = PBXBuildFile; fileRef = EE461EB61CD93E2100CE58C8 /* Assets.xcassets */; };
		EE461EBA1CD93E2100CE58C8 /* LaunchScreen.storyboard in Resources */ = {isa = PBXBuildFile; fileRef = EE461EB81CD93E2100CE58C8 /* LaunchScreen.storyboard */; };
/* End PBXBuildFile section */

/* Begin PBXFileReference section */
		520FE8D51D2AC2C200A8AE8E /* User.swift */ = {isa = PBXFileReference; fileEncoding = 4; lastKnownFileType = sourcecode.swift; path = User.swift; sourceTree = "<group>"; };
		520FE8D71D2AC2EB00A8AE8E /* UserPreference.swift */ = {isa = PBXFileReference; fileEncoding = 4; lastKnownFileType = sourcecode.swift; path = UserPreference.swift; sourceTree = "<group>"; };
		520FE8D91D2AC3A600A8AE8E /* Venue.swift */ = {isa = PBXFileReference; fileEncoding = 4; lastKnownFileType = sourcecode.swift; path = Venue.swift; sourceTree = "<group>"; };
		520FE8DB1D2ACB4900A8AE8E /* Budget.swift */ = {isa = PBXFileReference; fileEncoding = 4; lastKnownFileType = sourcecode.swift; path = Budget.swift; sourceTree = "<group>"; };
		520FE8DD1D2ACE0500A8AE8E /* MusicGenre.swift */ = {isa = PBXFileReference; fileEncoding = 4; lastKnownFileType = sourcecode.swift; path = MusicGenre.swift; sourceTree = "<group>"; };
		520FE8DF1D2ACE7300A8AE8E /* Service.swift */ = {isa = PBXFileReference; fileEncoding = 4; lastKnownFileType = sourcecode.swift; path = Service.swift; sourceTree = "<group>"; };
		520FE8E11D2ACF1400A8AE8E /* Table.swift */ = {isa = PBXFileReference; fileEncoding = 4; lastKnownFileType = sourcecode.swift; path = Table.swift; sourceTree = "<group>"; };
		520FE8E31D2ACF7700A8AE8E /* Admission.swift */ = {isa = PBXFileReference; fileEncoding = 4; lastKnownFileType = sourcecode.swift; path = Admission.swift; sourceTree = "<group>"; };
		520FE8E51D2ADE4D00A8AE8E /* Event.swift */ = {isa = PBXFileReference; fileEncoding = 4; lastKnownFileType = sourcecode.swift; path = Event.swift; sourceTree = "<group>"; };
		EE461EAC1CD93E2100CE58C8 /* Nightspots.app */ = {isa = PBXFileReference; explicitFileType = wrapper.application; includeInIndex = 0; path = Nightspots.app; sourceTree = BUILT_PRODUCTS_DIR; };
		EE461EAF1CD93E2100CE58C8 /* AppDelegate.swift */ = {isa = PBXFileReference; lastKnownFileType = sourcecode.swift; path = AppDelegate.swift; sourceTree = "<group>"; };
		EE461EB11CD93E2100CE58C8 /* ViewController.swift */ = {isa = PBXFileReference; lastKnownFileType = sourcecode.swift; path = ViewController.swift; sourceTree = "<group>"; };
		EE461EB41CD93E2100CE58C8 /* Base */ = {isa = PBXFileReference; lastKnownFileType = file.storyboard; name = Base; path = Base.lproj/Main.storyboard; sourceTree = "<group>"; };
		EE461EB61CD93E2100CE58C8 /* Assets.xcassets */ = {isa = PBXFileReference; lastKnownFileType = folder.assetcatalog; path = Assets.xcassets; sourceTree = "<group>"; };
		EE461EB91CD93E2100CE58C8 /* Base */ = {isa = PBXFileReference; lastKnownFileType = file.storyboard; name = Base; path = Base.lproj/LaunchScreen.storyboard; sourceTree = "<group>"; };
		EE461EBB1CD93E2100CE58C8 /* Info.plist */ = {isa = PBXFileReference; lastKnownFileType = text.plist.xml; path = Info.plist; sourceTree = "<group>"; };
/* End PBXFileReference section */

/* Begin PBXFrameworksBuildPhase section */
		EE461EA91CD93E2100CE58C8 /* Frameworks */ = {
			isa = PBXFrameworksBuildPhase;
			buildActionMask = 2147483647;
			files = (
			);
			runOnlyForDeploymentPostprocessing = 0;
		};
/* End PBXFrameworksBuildPhase section */

/* Begin PBXGroup section */
		520FE8D41D2AB48600A8AE8E /* Model */ = {
			isa = PBXGroup;
			children = (
				520FE8D51D2AC2C200A8AE8E /* User.swift */,
				520FE8D71D2AC2EB00A8AE8E /* UserPreference.swift */,
				520FE8DD1D2ACE0500A8AE8E /* MusicGenre.swift */,
				520FE8DB1D2ACB4900A8AE8E /* Budget.swift */,
				520FE8D91D2AC3A600A8AE8E /* Venue.swift */,
				520FE8E51D2ADE4D00A8AE8E /* Event.swift */,
				520FE8DF1D2ACE7300A8AE8E /* Service.swift */,
				520FE8E11D2ACF1400A8AE8E /* Table.swift */,
				520FE8E31D2ACF7700A8AE8E /* Admission.swift */,
			);
			name = Model;
			sourceTree = "<group>";
		};
		EE461EA31CD93E2100CE58C8 = {
			isa = PBXGroup;
			children = (
				EE461EAE1CD93E2100CE58C8 /* Nightspots */,
				EE461EAD1CD93E2100CE58C8 /* Products */,
			);
			sourceTree = "<group>";
		};
		EE461EAD1CD93E2100CE58C8 /* Products */ = {
			isa = PBXGroup;
			children = (
				EE461EAC1CD93E2100CE58C8 /* Nightspots.app */,
			);
			name = Products;
			sourceTree = "<group>";
		};
		EE461EAE1CD93E2100CE58C8 /* Nightspots */ = {
			isa = PBXGroup;
			children = (
				520FE8D41D2AB48600A8AE8E /* Model */,
				EE461EAF1CD93E2100CE58C8 /* AppDelegate.swift */,
				EE461EB11CD93E2100CE58C8 /* ViewController.swift */,
				EE461EB31CD93E2100CE58C8 /* Main.storyboard */,
				EE461EB61CD93E2100CE58C8 /* Assets.xcassets */,
				EE461EB81CD93E2100CE58C8 /* LaunchScreen.storyboard */,
				EE461EBB1CD93E2100CE58C8 /* Info.plist */,
			);
			path = Nightspots;
			sourceTree = "<group>";
		};
/* End PBXGroup section */

/* Begin PBXNativeTarget section */
		EE461EAB1CD93E2100CE58C8 /* Nightspots */ = {
			isa = PBXNativeTarget;
			buildConfigurationList = EE461EBE1CD93E2100CE58C8 /* Build configuration list for PBXNativeTarget "Nightspots" */;
			buildPhases = (
				EE461EA81CD93E2100CE58C8 /* Sources */,
				EE461EA91CD93E2100CE58C8 /* Frameworks */,
				EE461EAA1CD93E2100CE58C8 /* Resources */,
			);
			buildRules = (
			);
			dependencies = (
			);
			name = Nightspots;
			productName = Nightspots;
			productReference = EE461EAC1CD93E2100CE58C8 /* Nightspots.app */;
			productType = "com.apple.product-type.application";
		};
/* End PBXNativeTarget section */

/* Begin PBXProject section */
		EE461EA41CD93E2100CE58C8 /* Project object */ = {
			isa = PBXProject;
			attributes = {
				LastSwiftUpdateCheck = 0730;
				LastUpgradeCheck = 0730;
				ORGANIZATIONNAME = "Igor Schneider";
				TargetAttributes = {
					EE461EAB1CD93E2100CE58C8 = {
						CreatedOnToolsVersion = 7.3;
					};
				};
			};
			buildConfigurationList = EE461EA71CD93E2100CE58C8 /* Build configuration list for PBXProject "Nightspots" */;
			compatibilityVersion = "Xcode 3.2";
			developmentRegion = English;
			hasScannedForEncodings = 0;
			knownRegions = (
				en,
				Base,
			);
			mainGroup = EE461EA31CD93E2100CE58C8;
			productRefGroup = EE461EAD1CD93E2100CE58C8 /* Products */;
			projectDirPath = "";
			projectRoot = "";
			targets = (
				EE461EAB1CD93E2100CE58C8 /* Nightspots */,
			);
		};
/* End PBXProject section */

/* Begin PBXResourcesBuildPhase section */
		EE461EAA1CD93E2100CE58C8 /* Resources */ = {
			isa = PBXResourcesBuildPhase;
			buildActionMask = 2147483647;
			files = (
				EE461EBA1CD93E2100CE58C8 /* LaunchScreen.storyboard in Resources */,
				EE461EB71CD93E2100CE58C8 /* Assets.xcassets in Resources */,
				EE461EB51CD93E2100CE58C8 /* Main.storyboard in Resources */,
			);
			runOnlyForDeploymentPostprocessing = 0;
		};
/* End PBXResourcesBuildPhase section */

/* Begin PBXSourcesBuildPhase section */
		EE461EA81CD93E2100CE58C8 /* Sources */ = {
			isa = PBXSourcesBuildPhase;
			buildActionMask = 2147483647;
			files = (
				520FE8DE1D2ACE0500A8AE8E /* MusicGenre.swift in Sources */,
				520FE8E61D2ADE4D00A8AE8E /* Event.swift in Sources */,
				520FE8E01D2ACE7300A8AE8E /* Service.swift in Sources */,
				EE461EB21CD93E2100CE58C8 /* ViewController.swift in Sources */,
				520FE8E21D2ACF1400A8AE8E /* Table.swift in Sources */,
				520FE8DA1D2AC3A600A8AE8E /* Venue.swift in Sources */,
				520FE8DC1D2ACB4900A8AE8E /* Budget.swift in Sources */,
				520FE8D81D2AC2EB00A8AE8E /* UserPreference.swift in Sources */,
				EE461EB01CD93E2100CE58C8 /* AppDelegate.swift in Sources */,
				520FE8D61D2AC2C200A8AE8E /* User.swift in Sources */,
				520FE8E41D2ACF7700A8AE8E /* Admission.swift in Sources */,
			);
			runOnlyForDeploymentPostprocessing = 0;
		};
/* End PBXSourcesBuildPhase section */

/* Begin PBXVariantGroup section */
		EE461EB31CD93E2100CE58C8 /* Main.storyboard */ = {
			isa = PBXVariantGroup;
			children = (
				EE461EB41CD93E2100CE58C8 /* Base */,
			);
			name = Main.storyboard;
			sourceTree = "<group>";
		};
		EE461EB81CD93E2100CE58C8 /* LaunchScreen.storyboard */ = {
			isa = PBXVariantGroup;
			children = (
				EE461EB91CD93E2100CE58C8 /* Base */,
			);
			name = LaunchScreen.storyboard;
			sourceTree = "<group>";
		};
/* End PBXVariantGroup section */

/* Begin XCBuildConfiguration section */
		EE461EBC1CD93E2100CE58C8 /* Debug */ = {
			isa = XCBuildConfiguration;
			buildSettings = {
				ALWAYS_SEARCH_USER_PATHS = NO;
				CLANG_ANALYZER_NONNULL = YES;
				CLANG_CXX_LANGUAGE_STANDARD = "gnu++0x";
				CLANG_CXX_LIBRARY = "libc++";
				CLANG_ENABLE_MODULES = YES;
				CLANG_ENABLE_OBJC_ARC = YES;
				CLANG_WARN_BOOL_CONVERSION = YES;
				CLANG_WARN_CONSTANT_CONVERSION = YES;
				CLANG_WARN_DIRECT_OBJC_ISA_USAGE = YES_ERROR;
				CLANG_WARN_EMPTY_BODY = YES;
				CLANG_WARN_ENUM_CONVERSION = YES;
				CLANG_WARN_INT_CONVERSION = YES;
				CLANG_WARN_OBJC_ROOT_CLASS = YES_ERROR;
				CLANG_WARN_UNREACHABLE_CODE = YES;
				CLANG_WARN__DUPLICATE_METHOD_MATCH = YES;
				"CODE_SIGN_IDENTITY[sdk=iphoneos*]" = "iPhone Developer";
				COPY_PHASE_STRIP = NO;
				DEBUG_INFORMATION_FORMAT = dwarf;
				ENABLE_STRICT_OBJC_MSGSEND = YES;
				ENABLE_TESTABILITY = YES;
				GCC_C_LANGUAGE_STANDARD = gnu99;
				GCC_DYNAMIC_NO_PIC = NO;
				GCC_NO_COMMON_BLOCKS = YES;
				GCC_OPTIMIZATION_LEVEL = 0;
				GCC_PREPROCESSOR_DEFINITIONS = (
					"DEBUG=1",
					"$(inherited)",
				);
				GCC_WARN_64_TO_32_BIT_CONVERSION = YES;
				GCC_WARN_ABOUT_RETURN_TYPE = YES_ERROR;
				GCC_WARN_UNDECLARED_SELECTOR = YES;
				GCC_WARN_UNINITIALIZED_AUTOS = YES_AGGRESSIVE;
				GCC_WARN_UNUSED_FUNCTION = YES;
				GCC_WARN_UNUSED_VARIABLE = YES;
				IPHONEOS_DEPLOYMENT_TARGET = 9.3;
				MTL_ENABLE_DEBUG_INFO = YES;
				ONLY_ACTIVE_ARCH = YES;
				SDKROOT = iphoneos;
				SWIFT_OPTIMIZATION_LEVEL = "-Onone";
				TARGETED_DEVICE_FAMILY = "1,2";
			};
			name = Debug;
		};
		EE461EBD1CD93E2100CE58C8 /* Release */ = {
			isa = XCBuildConfiguration;
			buildSettings = {
				ALWAYS_SEARCH_USER_PATHS = NO;
				CLANG_ANALYZER_NONNULL = YES;
				CLANG_CXX_LANGUAGE_STANDARD = "gnu++0x";
				CLANG_CXX_LIBRARY = "libc++";
				CLANG_ENABLE_MODULES = YES;
				CLANG_ENABLE_OBJC_ARC = YES;
				CLANG_WARN_BOOL_CONVERSION = YES;
				CLANG_WARN_CONSTANT_CONVERSION = YES;
				CLANG_WARN_DIRECT_OBJC_ISA_USAGE = YES_ERROR;
				CLANG_WARN_EMPTY_BODY = YES;
				CLANG_WARN_ENUM_CONVERSION = YES;
				CLANG_WARN_INT_CONVERSION = YES;
				CLANG_WARN_OBJC_ROOT_CLASS = YES_ERROR;
				CLANG_WARN_UNREACHABLE_CODE = YES;
				CLANG_WARN__DUPLICATE_METHOD_MATCH = YES;
				"CODE_SIGN_IDENTITY[sdk=iphoneos*]" = "iPhone Developer";
				COPY_PHASE_STRIP = NO;
				DEBUG_INFORMATION_FORMAT = "dwarf-with-dsym";
				ENABLE_NS_ASSERTIONS = NO;
				ENABLE_STRICT_OBJC_MSGSEND = YES;
				GCC_C_LANGUAGE_STANDARD = gnu99;
				GCC_NO_COMMON_BLOCKS = YES;
				GCC_WARN_64_TO_32_BIT_CONVERSION = YES;
				GCC_WARN_ABOUT_RETURN_TYPE = YES_ERROR;
				GCC_WARN_UNDECLARED_SELECTOR = YES;
				GCC_WARN_UNINITIALIZED_AUTOS = YES_AGGRESSIVE;
				GCC_WARN_UNUSED_FUNCTION = YES;
				GCC_WARN_UNUSED_VARIABLE = YES;
				IPHONEOS_DEPLOYMENT_TARGET = 9.3;
				MTL_ENABLE_DEBUG_INFO = NO;
				SDKROOT = iphoneos;
				TARGETED_DEVICE_FAMILY = "1,2";
				VALIDATE_PRODUCT = YES;
			};
			name = Release;
		};
		EE461EBF1CD93E2100CE58C8 /* Debug */ = {
			isa = XCBuildConfiguration;
			buildSettings = {
				ASSETCATALOG_COMPILER_APPICON_NAME = AppIcon;
				INFOPLIST_FILE = Nightspots/Info.plist;
				LD_RUNPATH_SEARCH_PATHS = "$(inherited) @executable_path/Frameworks";
				PRODUCT_BUNDLE_IDENTIFIER = IgorSchneider.Nightspots;
				PRODUCT_NAME = "$(TARGET_NAME)";
			};
			name = Debug;
		};
		EE461EC01CD93E2100CE58C8 /* Release */ = {
			isa = XCBuildConfiguration;
			buildSettings = {
				ASSETCATALOG_COMPILER_APPICON_NAME = AppIcon;
				INFOPLIST_FILE = Nightspots/Info.plist;
				LD_RUNPATH_SEARCH_PATHS = "$(inherited) @executable_path/Frameworks";
				PRODUCT_BUNDLE_IDENTIFIER = IgorSchneider.Nightspots;
				PRODUCT_NAME = "$(TARGET_NAME)";
			};
			name = Release;
		};
/* End XCBuildConfiguration section */

/* Begin XCConfigurationList section */
		EE461EA71CD93E2100CE58C8 /* Build configuration list for PBXProject "Nightspots" */ = {
			isa = XCConfigurationList;
			buildConfigurations = (
				EE461EBC1CD93E2100CE58C8 /* Debug */,
				EE461EBD1CD93E2100CE58C8 /* Release */,
			);
			defaultConfigurationIsVisible = 0;
			defaultConfigurationName = Release;
		};
		EE461EBE1CD93E2100CE58C8 /* Build configuration list for PBXNativeTarget "Nightspots" */ = {
			isa = XCConfigurationList;
			buildConfigurations = (
				EE461EBF1CD93E2100CE58C8 /* Debug */,
				EE461EC01CD93E2100CE58C8 /* Release */,
			);
			defaultConfigurationIsVisible = 0;
			defaultConfigurationName = Release;
		};
/* End XCConfigurationList section */
	};
	rootObject = EE461EA41CD93E2100CE58C8 /* Project object */;
}
